
Microsoft Visual Studio Solution File, Format Version 12.00
# Visual Studio Version 16
VisualStudioVersion = 16.0.30907.101
MinimumVisualStudioVersion = 10.0.40219.1
Project("{9A19103F-16F7-4668-BE54-9A1E7A4F7556}") = "ElectricLib", "Lib\ElectricLib.csproj", "{64086E83-1C71-4CAA-A515-2794AF894163}"
EndProject
Project("{9A19103F-16F7-4668-BE54-9A1E7A4F7556}") = "Tests", "Tests\Tests.csproj", "{2BE5802A-9E92-41C2-A049-E65DA4FB1367}"
EndProject
Project("{9A19103F-16F7-4668-BE54-9A1E7A4F7556}") = "ElectricSketch", "App\ElectricSketch.csproj", "{46382939-4E76-4978-97D4-D3EEEECDE467}"
EndProject
Project("{FAE04EC0-301F-11D3-BF4B-00C04F79EFBC}") = "Undo", "Undo\Undo.csproj", "{B652D8C3-B578-4FB9-933D-CBD68C63E9CB}"
EndProject
Global
	GlobalSection(SolutionConfigurationPlatforms) = preSolution
		Debug|Any CPU = Debug|Any CPU
		Release|Any CPU = Release|Any CPU
	EndGlobalSection
	GlobalSection(ProjectConfigurationPlatforms) = postSolution
		{64086E83-1C71-4CAA-A515-2794AF894163}.Debug|Any CPU.ActiveCfg = Debug|Any CPU
		{64086E83-1C71-4CAA-A515-2794AF894163}.Debug|Any CPU.Build.0 = Debug|Any CPU
		{64086E83-1C71-4CAA-A515-2794AF894163}.Release|Any CPU.ActiveCfg = Release|Any CPU
		{64086E83-1C71-4CAA-A515-2794AF894163}.Release|Any CPU.Build.0 = Release|Any CPU
		{2BE5802A-9E92-41C2-A049-E65DA4FB1367}.Debug|Any CPU.ActiveCfg = Debug|Any CPU
		{2BE5802A-9E92-41C2-A049-E65DA4FB1367}.Debug|Any CPU.Build.0 = Debug|Any CPU
		{2BE5802A-9E92-41C2-A049-E65DA4FB1367}.Release|Any CPU.ActiveCfg = Release|Any CPU
		{2BE5802A-9E92-41C2-A049-E65DA4FB1367}.Release|Any CPU.Build.0 = Release|Any CPU
		{46382939-4E76-4978-97D4-D3EEEECDE467}.Debug|Any CPU.ActiveCfg = Debug|Any CPU
		{46382939-4E76-4978-97D4-D3EEEECDE467}.Debug|Any CPU.Build.0 = Debug|Any CPU
		{46382939-4E76-4978-97D4-D3EEEECDE467}.Release|Any CPU.ActiveCfg = Release|Any CPU
		{46382939-4E76-4978-97D4-D3EEEECDE467}.Release|Any CPU.Build.0 = Release|Any CPU
		{B652D8C3-B578-4FB9-933D-CBD68C63E9CB}.Debug|Any CPU.ActiveCfg = Debug|Any CPU
		{B652D8C3-B578-4FB9-933D-CBD68C63E9CB}.Debug|Any CPU.Build.0 = Debug|Any CPU
		{B652D8C3-B578-4FB9-933D-CBD68C63E9CB}.Release|Any CPU.ActiveCfg = Release|Any CPU
		{B652D8C3-B578-4FB9-933D-CBD68C63E9CB}.Release|Any CPU.Build.0 = Release|Any CPU
	EndGlobalSection
	GlobalSection(SolutionProperties) = preSolution
		HideSolutionNode = FALSE
	EndGlobalSection
	GlobalSection(ExtensibilityGlobals) = postSolution
		SolutionGuid = {B49FC2CF-B8AD-4585-9665-BD22FA1BE171}
	EndGlobalSection
EndGlobal
